
Microsoft Visual Studio Solution File, Format Version 12.00
# Visual Studio Version 17
VisualStudioVersion = 17.6.33815.320
MinimumVisualStudioVersion = 10.0.40219.1
Project("{9A19103F-16F7-4668-BE54-9A1E7A4F7556}") = "RedditPushDispatcher", "RedditPushDispatcher\RedditPushDispatcher.csproj", "{CDE39902-4A3F-40BF-BD35-6D346447992A}"
EndProject
Project("{2150E333-8FDC-42A3-9474-1A3956D46DE8}") = "Solution Items", "Solution Items", "{125F061D-9FE6-4249-917D-74B3D5C6CDD5}"
	ProjectSection(SolutionItems) = preProject
		.gitignore = .gitignore
		.github\workflows\docker-publish.yml = .github\workflows\docker-publish.yml
		README.md = README.md
	EndProjectSection
EndProject
Global
	GlobalSection(SolutionConfigurationPlatforms) = preSolution
		Debug|Any CPU = Debug|Any CPU
		Release|Any CPU = Release|Any CPU
	EndGlobalSection
	GlobalSection(ProjectConfigurationPlatforms) = postSolution
		{CDE39902-4A3F-40BF-BD35-6D346447992A}.Debug|Any CPU.ActiveCfg = Debug|Any CPU
		{CDE39902-4A3F-40BF-BD35-6D346447992A}.Debug|Any CPU.Build.0 = Debug|Any CPU
		{CDE39902-4A3F-40BF-BD35-6D346447992A}.Release|Any CPU.ActiveCfg = Release|Any CPU
		{CDE39902-4A3F-40BF-BD35-6D346447992A}.Release|Any CPU.Build.0 = Release|Any CPU
	EndGlobalSection
	GlobalSection(SolutionProperties) = preSolution
		HideSolutionNode = FALSE
	EndGlobalSection
	GlobalSection(ExtensibilityGlobals) = postSolution
		SolutionGuid = {A30B4541-22DD-4FE6-AEDD-291347CF49C6}
	EndGlobalSection
EndGlobal
